<?xml version="1.0" encoding="utf-8"?>
<Project ToolsVersion="4.0" xmlns="http://schemas.microsoft.com/developer/msbuild/2003">
  <ItemGroup>
    <ClCompile Include="Main.cpp" />
    <ClCompile Include="Spline.cpp" />
    <ClCompile Include="OBB.cpp" />
    <ClCompile Include="PlayerController.cpp" />
  </ItemGroup>
  <ItemGroup>
    <ClInclude Include="TitleScene.h" />
    <ClInclude Include="Spline.h" />
    <ClInclude Include="OBB.h" />
    <ClInclude Include="PlayerController.h" />
  </ItemGroup>
</Project>