<?xml version="1.0" encoding="utf-8"?>
<Project ToolsVersion="4.0" xmlns="http://schemas.microsoft.com/developer/msbuild/2003">
  <ItemGroup>
    <Filter Include="Framework">
      <UniqueIdentifier>{69065039-ca9d-48be-ac4a-0c916e6be3bc}</UniqueIdentifier>
    </Filter>
    <Filter Include="Framework\Scene">
      <UniqueIdentifier>{2075bd66-3eff-4d1d-be0f-c0372c78760c}</UniqueIdentifier>
    </Filter>
    <Filter Include="Framework\Core">
      <UniqueIdentifier>{53e743f7-94bc-4729-b8ed-f36280058f46}</UniqueIdentifier>
    </Filter>
    <Filter Include="Framework\Rendering">
      <UniqueIdentifier>{072979c4-00ac-4525-a215-1d6998b7f7a1}</UniqueIdentifier>
    </Filter>
    <Filter Include="Game">
      <UniqueIdentifier>{0e556172-af10-4373-9a78-b8e8dbab70c7}</UniqueIdentifier>
    </Filter>
    <Filter Include="Game\Scenes">
      <UniqueIdentifier>{45f2b704-19b7-49cc-81b2-12bfdd9f527c}</UniqueIdentifier>
    </Filter>
  </ItemGroup>
  <ItemGroup>
    <ClCompile Include="Sources\Framework\PCH.cpp">
      <Filter>Framework</Filter>
    </ClCompile>
    <ClCompile Include="Sources\Framework\Scene\Scene.cpp">
      <Filter>Framework\Scene</Filter>
    </ClCompile>
    <ClCompile Include="Sources\Framework\Scene\SceneManager.cpp">
      <Filter>Framework\Scene</Filter>
    </ClCompile>
    <ClCompile Include="Sources\Framework\Core\Application.cpp">
      <Filter>Framework\Core</Filter>
    </ClCompile>
    <ClCompile Include="Sources\Framework\Core\Input.cpp">
      <Filter>Framework\Core</Filter>
    </ClCompile>
    <ClCompile Include="Sources\Framework\Core\Time.cpp">
      <Filter>Framework\Core</Filter>
    </ClCompile>
    <ClCompile Include="Sources\Framework\Rendering\Camera.cpp">
      <Filter>Framework\Rendering</Filter>
    </ClCompile>
    <ClCompile Include="Sources\Framework\Rendering\Cube.cpp">
      <Filter>Framework\Rendering</Filter>
    </ClCompile>
    <ClCompile Include="Sources\Framework\Rendering\Mesh.cpp">
      <Filter>Framework\Rendering</Filter>
    </ClCompile>
    <ClCompile Include="Sources\Game\Scenes\TestScene.cpp">
      <Filter>Game\Scenes</Filter>
    </ClCompile>
    <ClCompile Include="Sources\Game\Main.cpp">
      <Filter>Game</Filter>
    </ClCompile>
  </ItemGroup>
  <ItemGroup>
    <ClInclude Include="Sources\Framework\PCH.h">
      <Filter>Framework</Filter>
    </ClInclude>
    <ClInclude Include="Sources\Framework\Scene\Scene.h">
      <Filter>Framework\Scene</Filter>
    </ClInclude>
    <ClInclude Include="Sources\Framework\Scene\SceneManager.h">
      <Filter>Framework\Scene</Filter>
    </ClInclude>
    <ClInclude Include="Sources\Framework\Core\Application.h">
      <Filter>Framework\Core</Filter>
    </ClInclude>
    <ClInclude Include="Sources\Framework\Core\Input.h">
      <Filter>Framework\Core</Filter>
    </ClInclude>
    <ClInclude Include="Sources\Framework\Core\Time.h">
      <Filter>Framework\Core</Filter>
    </ClInclude>
    <ClInclude Include="Sources\Framework\Rendering\Camera.h">
      <Filter>Framework\Rendering</Filter>
    </ClInclude>
    <ClInclude Include="Sources\Framework\Rendering\Cube.h">
      <Filter>Framework\Rendering</Filter>
    </ClInclude>
    <ClInclude Include="Sources\Framework\Rendering\Light.h">
      <Filter>Framework\Rendering</Filter>
    </ClInclude>
    <ClInclude Include="Sources\Framework\Rendering\Mesh.h">
      <Filter>Framework\Rendering</Filter>
    </ClInclude>
    <ClInclude Include="Sources\Framework\Rendering\OBB.h">
      <Filter>Framework\Rendering</Filter>
    </ClInclude>
    <ClInclude Include="Sources\Game\Scenes\TestScene.h">
      <Filter>Game\Scenes</Filter>
    </ClInclude>
  </ItemGroup>
</Project>