<?xml version="1.0" encoding="utf-8"?>
<Project ToolsVersion="4.0" xmlns="http://schemas.microsoft.com/developer/msbuild/2003">
  <ItemGroup>
    <ClCompile Include="Sources\Core\Application.cpp">
      <Filter>Sources\Core</Filter>
    </ClCompile>
    <ClCompile Include="Sources\Core\Time.cpp">
      <Filter>Sources\Core</Filter>
    </ClCompile>
    <ClCompile Include="Sources\Core\Input.cpp">
      <Filter>Sources\Core</Filter>
    </ClCompile>
    <ClCompile Include="Sources\Scenes\Scene.cpp">
      <Filter>Sources\Scenes</Filter>
    </ClCompile>
    <ClCompile Include="Sources\Scenes\SceneManager.cpp">
      <Filter>Sources\Scenes</Filter>
    </ClCompile>
    <ClCompile Include="Sources\Scenes\TestScene.cpp">
      <Filter>Sources\Scenes</Filter>
    </ClCompile>
    <ClCompile Include="Sources\Rendering\Camera.cpp">
      <Filter>Sources\Rendering</Filter>
    </ClCompile>
    <ClCompile Include="Sources\Rendering\Mesh.cpp">
      <Filter>Sources\Rendering</Filter>
    </ClCompile>
    <ClCompile Include="Sources\Core\Objects\GameObject.cpp">
      <Filter>Sources\Core\Objects</Filter>
    </ClCompile>
    <ClCompile Include="Sources\Core\Objects\Object.cpp">
      <Filter>Sources\Core\Objects</Filter>
    </ClCompile>
    <ClCompile Include="Sources\Rendering\Cube.cpp">
      <Filter>Sources\Rendering</Filter>
    </ClCompile>
    <ClCompile Include="Sources\Main.cpp">
      <Filter>Sources</Filter>
    </ClCompile>
    <ClCompile Include="Sources\PCH.cpp">
      <Filter>Sources</Filter>
    </ClCompile>
  </ItemGroup>
  <ItemGroup>
    <ClInclude Include="Sources\Core\Application.h">
      <Filter>Sources\Core</Filter>
    </ClInclude>
    <ClInclude Include="Sources\Core\Input.h">
      <Filter>Sources\Core</Filter>
    </ClInclude>
    <ClInclude Include="Sources\Core\Time.h">
      <Filter>Sources\Core</Filter>
    </ClInclude>
    <ClInclude Include="Sources\Scenes\Scene.h">
      <Filter>Sources\Scenes</Filter>
    </ClInclude>
    <ClInclude Include="Sources\Scenes\SceneManager.h">
      <Filter>Sources\Scenes</Filter>
    </ClInclude>
    <ClInclude Include="Sources\Scenes\TestScene.h">
      <Filter>Sources\Scenes</Filter>
    </ClInclude>
    <ClInclude Include="Sources\Rendering\Camera.h">
      <Filter>Sources\Rendering</Filter>
    </ClInclude>
    <ClInclude Include="Sources\Rendering\Mesh.h">
      <Filter>Sources\Rendering</Filter>
    </ClInclude>
    <ClInclude Include="Sources\Core\Objects\Components\Renderer.h">
      <Filter>Sources\Core\Objects\Components</Filter>
    </ClInclude>
    <ClInclude Include="Sources\Core\Objects\Components\Component.h">
      <Filter>Sources\Core\Objects\Components</Filter>
    </ClInclude>
    <ClInclude Include="Sources\Core\Objects\Components\Transform.h">
      <Filter>Sources\Core\Objects\Components</Filter>
    </ClInclude>
    <ClInclude Include="Sources\Core\Objects\GameObject.h">
      <Filter>Sources\Core\Objects</Filter>
    </ClInclude>
    <ClInclude Include="Sources\Core\Objects\Object.h">
      <Filter>Sources\Core\Objects</Filter>
    </ClInclude>
    <ClInclude Include="Sources\Rendering\Light.h">
      <Filter>Sources\Rendering</Filter>
    </ClInclude>
    <ClInclude Include="Sources\Rendering\Cube.h">
      <Filter>Sources\Rendering</Filter>
    </ClInclude>
    <ClInclude Include="Sources\Rendering\OBB.h">
      <Filter>Sources\Rendering</Filter>
    </ClInclude>
    <ClInclude Include="Sources\Math.h">
      <Filter>Sources</Filter>
    </ClInclude>
    <ClInclude Include="Sources\PCH.h">
      <Filter>Sources</Filter>
    </ClInclude>
  </ItemGroup>
  <ItemGroup>
    <Filter Include="Sources">
      <UniqueIdentifier>{d074ce0e-949c-4a33-8f51-b54c585f757d}</UniqueIdentifier>
    </Filter>
    <Filter Include="Sources\Core">
      <UniqueIdentifier>{3ef03f68-7e98-4656-92b2-67ac43823aeb}</UniqueIdentifier>
    </Filter>
    <Filter Include="Sources\Core\Objects">
      <UniqueIdentifier>{23525b6c-a21b-462f-a428-886ba9267e98}</UniqueIdentifier>
    </Filter>
    <Filter Include="Sources\Core\Objects\Components">
      <UniqueIdentifier>{c0ed0fdf-4b24-49a9-b4d3-7014e3e619c8}</UniqueIdentifier>
    </Filter>
    <Filter Include="Sources\Rendering">
      <UniqueIdentifier>{59e0b36b-5a1f-4164-ab72-f52da85e46ce}</UniqueIdentifier>
    </Filter>
    <Filter Include="Sources\Scenes">
      <UniqueIdentifier>{b1937bac-b6d2-4e55-a393-fbea1bae795c}</UniqueIdentifier>
    </Filter>
    <Filter Include="Resources">
      <UniqueIdentifier>{68888ef1-a1de-4713-ad1e-660994471bf2}</UniqueIdentifier>
    </Filter>
    <Filter Include="Resources\Shaders">
      <UniqueIdentifier>{bdf97122-50f1-4e76-8433-876f27920a8c}</UniqueIdentifier>
    </Filter>
  </ItemGroup>
  <ItemGroup>
    <None Include="vertex.glsl">
      <Filter>Sources\Scenes</Filter>
    </None>
    <None Include="fragment.glsl">
      <Filter>Sources\Scenes</Filter>
    </None>
  </ItemGroup>
</Project>