<?xml version="1.0" encoding="utf-8"?>
<Project ToolsVersion="4.0" xmlns="http://schemas.microsoft.com/developer/msbuild/2003">
  <ItemGroup>
    <Filter Include="Frameworks">
      <UniqueIdentifier>{2310f023-72e1-4dcc-968e-184d135d84d8}</UniqueIdentifier>
    </Filter>
  </ItemGroup>
  <ItemGroup>
    <ClInclude Include="Sources\Framework\Application.h">
      <Filter>Frameworks</Filter>
    </ClInclude>
    <ClInclude Include="Sources\Framework\Scene.h">
      <Filter>Frameworks</Filter>
    </ClInclude>
    <ClInclude Include="Sources\Framework\FileSystem.h">
      <Filter>Frameworks</Filter>
    </ClInclude>
    <ClInclude Include="Sources\Framework\Common.h">
      <Filter>Frameworks</Filter>
    </ClInclude>
    <ClInclude Include="Sources\Framework\Audio.h">
      <Filter>Frameworks</Filter>
    </ClInclude>
    <ClInclude Include="Sources\Framework\Rendering.h">
      <Filter>Frameworks</Filter>
    </ClInclude>
    <ClInclude Include="Sources\Framework\Objects.h">
      <Filter>Frameworks</Filter>
    </ClInclude>
    <ClInclude Include="Sources\Framework\Input.h">
      <Filter>Frameworks</Filter>
    </ClInclude>
    <ClInclude Include="Sources\Framework\Math.h">
      <Filter>Frameworks</Filter>
    </ClInclude>
    <ClInclude Include="Sources\Framework\Time.h">
      <Filter>Frameworks</Filter>
    </ClInclude>
    <ClInclude Include="Sources\TitleScene.h" />
    <ClInclude Include="Sources\EditScene.h" />
    <ClInclude Include="Sources\GameScene.h" />
    <ClInclude Include="Sources\Framework\Logger.h">
      <Filter>Frameworks</Filter>
    </ClInclude>
    <ClInclude Include="Sources\Framework\UI.h">
      <Filter>Frameworks</Filter>
    </ClInclude>
    <ClInclude Include="Sources\Framework\Resources.h">
      <Filter>Frameworks</Filter>
    </ClInclude>
    <ClInclude Include="Sources\Framework\Editor.h">
      <Filter>Frameworks</Filter>
    </ClInclude>
    <ClInclude Include="Sources\Framework\Utilities.h">
      <Filter>Frameworks</Filter>
    </ClInclude>
  </ItemGroup>
  <ItemGroup>
    <ClCompile Include="Sources\Main.cpp" />
    <ClCompile Include="Sources\Framework\Input.cpp">
      <Filter>Frameworks</Filter>
    </ClCompile>
    <ClCompile Include="Sources\Framework\Application.cpp">
      <Filter>Frameworks</Filter>
    </ClCompile>
    <ClCompile Include="Sources\Framework\Time.cpp">
      <Filter>Frameworks</Filter>
    </ClCompile>
    <ClCompile Include="Sources\Framework\Scene.cpp">
      <Filter>Frameworks</Filter>
    </ClCompile>
    <ClCompile Include="Sources\EditScene.cpp" />
    <ClCompile Include="Sources\TitleScene.cpp" />
    <ClCompile Include="Sources\GameScene.cpp" />
    <ClCompile Include="Sources\Framework\Objects.cpp">
      <Filter>Frameworks</Filter>
    </ClCompile>
    <ClCompile Include="Sources\Framework\Logger.cpp">
      <Filter>Frameworks</Filter>
    </ClCompile>
    <ClCompile Include="Sources\Framework\UI.cpp">
      <Filter>Frameworks</Filter>
    </ClCompile>
    <ClCompile Include="Sources\Framework\Rendering.cpp">
      <Filter>Frameworks</Filter>
    </ClCompile>
    <ClCompile Include="Sources\Framework\Resources.cpp">
      <Filter>Frameworks</Filter>
    </ClCompile>
    <ClCompile Include="Sources\Framework\Editor.cpp">
      <Filter>Frameworks</Filter>
    </ClCompile>
  </ItemGroup>
</Project>