<?xml version="1.0" encoding="utf-8"?>
<Project ToolsVersion="4.0" xmlns="http://schemas.microsoft.com/developer/msbuild/2003">
  <ItemGroup>
    <ClCompile Include="Application.cpp" />
    <ClCompile Include="Common.cpp" />
    <ClCompile Include="Debug.cpp" />
    <ClCompile Include="Input.cpp" />
    <ClCompile Include="IO.cpp" />
    <ClCompile Include="Objects.cpp" />
    <ClCompile Include="Rendering.cpp" />
    <ClCompile Include="Resources.cpp" />
    <ClCompile Include="Scenes.cpp" />
    <ClCompile Include="Time.cpp" />
    <ClCompile Include="Core\Debug\Logger.cpp">
      <Filter>Core\Debug</Filter>
    </ClCompile>
    <ClCompile Include="Directory.cpp">
      <Filter>Core\IO</Filter>
    </ClCompile>
    <ClCompile Include="File.cpp">
      <Filter>Core\IO</Filter>
    </ClCompile>
    <ClCompile Include="Core\IO\Path.cpp">
      <Filter>Core\IO</Filter>
    </ClCompile>
    <ClCompile Include="Core\Application.cpp">
      <Filter>Core\Platform</Filter>
    </ClCompile>
    <ClCompile Include="Core\Input.cpp">
      <Filter>Core\Platform</Filter>
    </ClCompile>
    <ClCompile Include="Core\Time.cpp">
      <Filter>Core\Platform</Filter>
    </ClCompile>
    <ClCompile Include="Audio.cpp" />
    <ClCompile Include="Graphics\Graphics.cpp">
      <Filter>Graphics</Filter>
    </ClCompile>
    <ClCompile Include="Core\Platform\Window.cpp">
      <Filter>Core\Platform</Filter>
    </ClCompile>
    <ClCompile Include="Core\Debug\Debugger.cpp">
      <Filter>Core\Debug</Filter>
    </ClCompile>
  </ItemGroup>
  <ItemGroup>
    <ClInclude Include="Application.h" />
    <ClInclude Include="Common.h" />
    <ClInclude Include="Debug.h" />
    <ClInclude Include="Input.h" />
    <ClInclude Include="IO.h" />
    <ClInclude Include="Objects.h" />
    <ClInclude Include="Rendering.h" />
    <ClInclude Include="Resources.h" />
    <ClInclude Include="Scenes.h" />
    <ClInclude Include="Time.h" />
    <ClInclude Include="Core\Debug\Logger.hpp">
      <Filter>Core\Debug</Filter>
    </ClInclude>
    <ClInclude Include="Core\Debug\Debugger.hpp">
      <Filter>Core\Debug</Filter>
    </ClInclude>
    <ClInclude Include="Core\Path.hpp">
      <Filter>Core\IO</Filter>
    </ClInclude>
    <ClInclude Include="Directory.hpp">
      <Filter>Core\IO</Filter>
    </ClInclude>
    <ClInclude Include="File.hpp">
      <Filter>Core\IO</Filter>
    </ClInclude>
    <ClInclude Include="Core\Application.hpp">
      <Filter>Core\Platform</Filter>
    </ClInclude>
    <ClInclude Include="Core\Input.hpp">
      <Filter>Core\Platform</Filter>
    </ClInclude>
    <ClInclude Include="Core\Time.hpp">
      <Filter>Core\Platform</Filter>
    </ClInclude>
    <ClInclude Include="Audio.h" />
    <ClInclude Include="Core\Utilities\Random.hpp">
      <Filter>Core\Utilities</Filter>
    </ClInclude>
    <ClInclude Include="Audio\AudioEngine.h">
      <Filter>Audio</Filter>
    </ClInclude>
    <ClInclude Include="Audio\AudioSource.h">
      <Filter>Audio</Filter>
    </ClInclude>
    <ClInclude Include="Audio\AudioListener.h">
      <Filter>Audio</Filter>
    </ClInclude>
    <ClInclude Include="Graphics\Graphics.hpp">
      <Filter>Graphics</Filter>
    </ClInclude>
    <ClInclude Include="Core\Platform\Window.hpp">
      <Filter>Core\Platform</Filter>
    </ClInclude>
    <ClInclude Include="Core\Platform\Events\EventDispatcher.hpp">
      <Filter>Core\Platform\Events</Filter>
    </ClInclude>
  </ItemGroup>
  <ItemGroup>
    <Filter Include="Core">
      <UniqueIdentifier>{4f5540a8-341f-44c9-ae3f-8bc8b89af7c6}</UniqueIdentifier>
    </Filter>
    <Filter Include="Core\Debug">
      <UniqueIdentifier>{41a16aff-f001-4c64-9599-e544ffe604c9}</UniqueIdentifier>
    </Filter>
    <Filter Include="Core\IO">
      <UniqueIdentifier>{00119439-048a-41fd-9fac-0c0c43fb4510}</UniqueIdentifier>
    </Filter>
    <Filter Include="Object">
      <UniqueIdentifier>{7e7b758c-c095-49df-af81-023a57660559}</UniqueIdentifier>
    </Filter>
    <Filter Include="Core\Platform">
      <UniqueIdentifier>{3d0341e2-50f4-4edc-a62e-4aed381c5a17}</UniqueIdentifier>
    </Filter>
    <Filter Include="Core\Utilities">
      <UniqueIdentifier>{4eabf433-e204-4bd3-8b72-64624410dd31}</UniqueIdentifier>
    </Filter>
    <Filter Include="Audio">
      <UniqueIdentifier>{3c00fe5d-f211-4fba-a9ae-bbd1fdf71695}</UniqueIdentifier>
    </Filter>
    <Filter Include="Graphics">
      <UniqueIdentifier>{888c2869-1d47-4c8f-ae0e-58efc0b84c1e}</UniqueIdentifier>
    </Filter>
    <Filter Include="Core\Platform\Events">
      <UniqueIdentifier>{d2a57dbf-41be-485b-b34c-3b3826e6d195}</UniqueIdentifier>
    </Filter>
  </ItemGroup>
  <ItemGroup>
    <None Include="Core\Platform\Events\Event.hpp">
      <Filter>Core\Platform\Events</Filter>
    </None>
  </ItemGroup>
</Project>